
Microsoft Visual Studio Solution File, Format Version 12.00
# Visual Studio Version 17
VisualStudioVersion = 17.5.33516.290
MinimumVisualStudioVersion = 10.0.40219.1
Project("{FAE04EC0-301F-11D3-BF4B-00C04F79EFBC}") = "Week6StringsAndArrays", "Week6StringsAndArrays\Week6StringsAndArrays.csproj", "{55CDF9BB-F254-4F87-9332-4365EF750F28}"
EndProject
Project("{FAE04EC0-301F-11D3-BF4B-00C04F79EFBC}") = "Arrays", "Arrays\Arrays.csproj", "{AEA39173-7936-424F-9D0C-7F941ABA36A3}"
EndProject
Project("{FAE04EC0-301F-11D3-BF4B-00C04F79EFBC}") = "NumberArrays", "NumberArrays\NumberArrays.csproj", "{C3AB98F8-031A-42B5-854F-A79F500053C5}"
EndProject
Project("{FAE04EC0-301F-11D3-BF4B-00C04F79EFBC}") = "RandomElement", "RandomElement\RandomElement.csproj", "{A6CD2BE5-6ABD-4DDB-99DB-EB9D39639485}"
EndProject
Global
	GlobalSection(SolutionConfigurationPlatforms) = preSolution
		Debug|Any CPU = Debug|Any CPU
		Release|Any CPU = Release|Any CPU
	EndGlobalSection
	GlobalSection(ProjectConfigurationPlatforms) = postSolution
		{55CDF9BB-F254-4F87-9332-4365EF750F28}.Debug|Any CPU.ActiveCfg = Debug|Any CPU
		{55CDF9BB-F254-4F87-9332-4365EF750F28}.Debug|Any CPU.Build.0 = Debug|Any CPU
		{55CDF9BB-F254-4F87-9332-4365EF750F28}.Release|Any CPU.ActiveCfg = Release|Any CPU
		{55CDF9BB-F254-4F87-9332-4365EF750F28}.Release|Any CPU.Build.0 = Release|Any CPU
		{AEA39173-7936-424F-9D0C-7F941ABA36A3}.Debug|Any CPU.ActiveCfg = Debug|Any CPU
		{AEA39173-7936-424F-9D0C-7F941ABA36A3}.Debug|Any CPU.Build.0 = Debug|Any CPU
		{AEA39173-7936-424F-9D0C-7F941ABA36A3}.Release|Any CPU.ActiveCfg = Release|Any CPU
		{AEA39173-7936-424F-9D0C-7F941ABA36A3}.Release|Any CPU.Build.0 = Release|Any CPU
		{C3AB98F8-031A-42B5-854F-A79F500053C5}.Debug|Any CPU.ActiveCfg = Debug|Any CPU
		{C3AB98F8-031A-42B5-854F-A79F500053C5}.Debug|Any CPU.Build.0 = Debug|Any CPU
		{C3AB98F8-031A-42B5-854F-A79F500053C5}.Release|Any CPU.ActiveCfg = Release|Any CPU
		{C3AB98F8-031A-42B5-854F-A79F500053C5}.Release|Any CPU.Build.0 = Release|Any CPU
		{A6CD2BE5-6ABD-4DDB-99DB-EB9D39639485}.Debug|Any CPU.ActiveCfg = Debug|Any CPU
		{A6CD2BE5-6ABD-4DDB-99DB-EB9D39639485}.Debug|Any CPU.Build.0 = Debug|Any CPU
		{A6CD2BE5-6ABD-4DDB-99DB-EB9D39639485}.Release|Any CPU.ActiveCfg = Release|Any CPU
		{A6CD2BE5-6ABD-4DDB-99DB-EB9D39639485}.Release|Any CPU.Build.0 = Release|Any CPU
	EndGlobalSection
	GlobalSection(SolutionProperties) = preSolution
		HideSolutionNode = FALSE
	EndGlobalSection
	GlobalSection(ExtensibilityGlobals) = postSolution
		SolutionGuid = {AE711380-C94A-452A-9708-1B50A771889A}
	EndGlobalSection
EndGlobal
